
Microsoft Visual Studio Solution File, Format Version 12.00
# Visual Studio Version 16
VisualStudioVersion = 16.0.30523.141
MinimumVisualStudioVersion = 10.0.40219.1
Project("{FAE04EC0-301F-11D3-BF4B-00C04F79EFBC}") = "QuizAPI", "QuizAPI\QuizAPI.csproj", "{F46F957E-0281-45DA-BF61-46C7E9FD1714}"
EndProject
Global
	GlobalSection(SolutionConfigurationPlatforms) = preSolution
		Debug|Any CPU = Debug|Any CPU
		Release|Any CPU = Release|Any CPU
	EndGlobalSection
	GlobalSection(ProjectConfigurationPlatforms) = postSolution
		{F46F957E-0281-45DA-BF61-46C7E9FD1714}.Debug|Any CPU.ActiveCfg = Debug|Any CPU
		{F46F957E-0281-45DA-BF61-46C7E9FD1714}.Debug|Any CPU.Build.0 = Debug|Any CPU
		{F46F957E-0281-45DA-BF61-46C7E9FD1714}.Release|Any CPU.ActiveCfg = Release|Any CPU
		{F46F957E-0281-45DA-BF61-46C7E9FD1714}.Release|Any CPU.Build.0 = Release|Any CPU
	EndGlobalSection
	GlobalSection(SolutionProperties) = preSolution
		HideSolutionNode = FALSE
	EndGlobalSection
	GlobalSection(ExtensibilityGlobals) = postSolution
		SolutionGuid = {8BEEB9E2-3636-4738-B785-F33A0B3B2755}
	EndGlobalSection
EndGlobal
